{
  "requires": true,
  "lockfileVersion": 1,
  "dependencies": {
    "mimetype-to-fontawesome": {
      "version": "2.0.0",
      "resolved": "https://registry.npmjs.org/mimetype-to-fontawesome/-/mimetype-to-fontawesome-2.0.0.tgz",
      "integrity": "sha512-+uD3WkVK/00UjIrre/SMNt6F9Me4uEIy6Rb+sGXczQRx0I9C0kw6ED/5fzU64lTgyq78dpZXo4XqpguIk5KjjA=="
    }
  }
}
